
Microsoft Visual Studio Solution File, Format Version 12.00
# Visual Studio Version 17
VisualStudioVersion = 17.2.32616.157
MinimumVisualStudioVersion = 10.0.40219.1
Project("{FAE04EC0-301F-11D3-BF4B-00C04F79EFBC}") = "GithubODBC", "GithubODBC\GithubODBC.csproj", "{DB42E603-27E0-4F09-81C0-0D9ED35A69ED}"
EndProject
Global
	GlobalSection(SolutionConfigurationPlatforms) = preSolution
		Debug|Any CPU = Debug|Any CPU
		Release|Any CPU = Release|Any CPU
	EndGlobalSection
	GlobalSection(ProjectConfigurationPlatforms) = postSolution
		{DB42E603-27E0-4F09-81C0-0D9ED35A69ED}.Debug|Any CPU.ActiveCfg = Debug|Any CPU
		{DB42E603-27E0-4F09-81C0-0D9ED35A69ED}.Debug|Any CPU.Build.0 = Debug|Any CPU
		{DB42E603-27E0-4F09-81C0-0D9ED35A69ED}.Release|Any CPU.ActiveCfg = Release|Any CPU
		{DB42E603-27E0-4F09-81C0-0D9ED35A69ED}.Release|Any CPU.Build.0 = Release|Any CPU
	EndGlobalSection
	GlobalSection(SolutionProperties) = preSolution
		HideSolutionNode = FALSE
	EndGlobalSection
	GlobalSection(ExtensibilityGlobals) = postSolution
		SolutionGuid = {A077CB38-B20A-4ED0-894B-9C7DC8088965}
	EndGlobalSection
EndGlobal
